
Microsoft Visual Studio Solution File, Format Version 12.00
# Visual Studio Version 17
VisualStudioVersion = 17.4.33213.308
MinimumVisualStudioVersion = 10.0.40219.1
Project("{FAE04EC0-301F-11D3-BF4B-00C04F79EFBC}") = "2 - Rappresentazione di una persona", "2 - Rappresentazione di una persona\2 - Rappresentazione di una persona.csproj", "{298A75D4-4918-4A0C-890B-E5B17D4010E3}"
EndProject
Global
	GlobalSection(SolutionConfigurationPlatforms) = preSolution
		Debug|Any CPU = Debug|Any CPU
		Release|Any CPU = Release|Any CPU
	EndGlobalSection
	GlobalSection(ProjectConfigurationPlatforms) = postSolution
		{298A75D4-4918-4A0C-890B-E5B17D4010E3}.Debug|Any CPU.ActiveCfg = Debug|Any CPU
		{298A75D4-4918-4A0C-890B-E5B17D4010E3}.Debug|Any CPU.Build.0 = Debug|Any CPU
		{298A75D4-4918-4A0C-890B-E5B17D4010E3}.Release|Any CPU.ActiveCfg = Release|Any CPU
		{298A75D4-4918-4A0C-890B-E5B17D4010E3}.Release|Any CPU.Build.0 = Release|Any CPU
	EndGlobalSection
	GlobalSection(SolutionProperties) = preSolution
		HideSolutionNode = FALSE
	EndGlobalSection
	GlobalSection(ExtensibilityGlobals) = postSolution
		SolutionGuid = {898C3846-A869-440A-AE60-13BDAC14C6F6}
	EndGlobalSection
EndGlobal
